
Microsoft Visual Studio Solution File, Format Version 12.00
# Visual Studio Version 17
VisualStudioVersion = 17.0.32112.339
MinimumVisualStudioVersion = 10.0.40219.1
Project("{FAE04EC0-301F-11D3-BF4B-00C04F79EFBC}") = "BlazorComponentsDemo", "BlazorComponentsDemo.csproj", "{40C75A93-808F-462A-B1E5-4D55F4B47BBB}"
EndProject
Global
	GlobalSection(SolutionConfigurationPlatforms) = preSolution
		Debug|Any CPU = Debug|Any CPU
		Release|Any CPU = Release|Any CPU
	EndGlobalSection
	GlobalSection(ProjectConfigurationPlatforms) = postSolution
		{40C75A93-808F-462A-B1E5-4D55F4B47BBB}.Debug|Any CPU.ActiveCfg = Debug|Any CPU
		{40C75A93-808F-462A-B1E5-4D55F4B47BBB}.Debug|Any CPU.Build.0 = Debug|Any CPU
		{40C75A93-808F-462A-B1E5-4D55F4B47BBB}.Release|Any CPU.ActiveCfg = Release|Any CPU
		{40C75A93-808F-462A-B1E5-4D55F4B47BBB}.Release|Any CPU.Build.0 = Release|Any CPU
	EndGlobalSection
	GlobalSection(SolutionProperties) = preSolution
		HideSolutionNode = FALSE
	EndGlobalSection
	GlobalSection(ExtensibilityGlobals) = postSolution
		SolutionGuid = {A466B56E-FD07-4616-84CE-E8D333B017E1}
	EndGlobalSection
EndGlobal
